// !$*UTF8*$!
{
	archiveVersion = 1;
	classes = {
	};
	objectVersion = 46;
	objects = {

/* Begin PBXBuildFile section */
		B21586FE1E9B554D00AB3DFF /* AppDelegate.swift in Sources */ = {isa = PBXBuildFile; fileRef = B21586FD1E9B554D00AB3DFF /* AppDelegate.swift */; };
		B21587001E9B554D00AB3DFF /* MainVC.swift in Sources */ = {isa = PBXBuildFile; fileRef = B21586FF1E9B554D00AB3DFF /* MainVC.swift */; };
		B21587031E9B554D00AB3DFF /* Main.storyboard in Resources */ = {isa = PBXBuildFile; fileRef = B21587011E9B554D00AB3DFF /* Main.storyboard */; };
		B21587051E9B554D00AB3DFF /* Assets.xcassets in Resources */ = {isa = PBXBuildFile; fileRef = B21587041E9B554D00AB3DFF /* Assets.xcassets */; };
		B21587081E9B554D00AB3DFF /* LaunchScreen.storyboard in Resources */ = {isa = PBXBuildFile; fileRef = B21587061E9B554D00AB3DFF /* LaunchScreen.storyboard */; };
		B21587131E9B554D00AB3DFF /* PartyRockAppTests.swift in Sources */ = {isa = PBXBuildFile; fileRef = B21587121E9B554D00AB3DFF /* PartyRockAppTests.swift */; };
		B215871E1E9B554D00AB3DFF /* PartyRockAppUITests.swift in Sources */ = {isa = PBXBuildFile; fileRef = B215871D1E9B554D00AB3DFF /* PartyRockAppUITests.swift */; };
		B215872F1E9B598C00AB3DFF /* still time.ttf in Resources */ = {isa = PBXBuildFile; fileRef = B215872E1E9B598C00AB3DFF /* still time.ttf */; };
		B21587311E9B5A6F00AB3DFF /* VideoVC.swift in Sources */ = {isa = PBXBuildFile; fileRef = B21587301E9B5A6F00AB3DFF /* VideoVC.swift */; };
		B21587331E9B5B5D00AB3DFF /* PartyCell.swift in Sources */ = {isa = PBXBuildFile; fileRef = B21587321E9B5B5D00AB3DFF /* PartyCell.swift */; };
		B21587351E9B5D2200AB3DFF /* PartyRock.swift in Sources */ = {isa = PBXBuildFile; fileRef = B21587341E9B5D2200AB3DFF /* PartyRock.swift */; };
/* End PBXBuildFile section */

/* Begin PBXContainerItemProxy section */
		B215870F1E9B554D00AB3DFF /* PBXContainerItemProxy */ = {
			isa = PBXContainerItemProxy;
			containerPortal = B21586F21E9B554D00AB3DFF /* Project object */;
			proxyType = 1;
			remoteGlobalIDString = B21586F91E9B554D00AB3DFF;
			remoteInfo = PartyRockApp;
		};
		B215871A1E9B554D00AB3DFF /* PBXContainerItemProxy */ = {
			isa = PBXContainerItemProxy;
			containerPortal = B21586F21E9B554D00AB3DFF /* Project object */;
			proxyType = 1;
			remoteGlobalIDString = B21586F91E9B554D00AB3DFF;
			remoteInfo = PartyRockApp;
		};
/* End PBXContainerItemProxy section */

/* Begin PBXFileReference section */
		B21586FA1E9B554D00AB3DFF /* PartyRockApp.app */ = {isa = PBXFileReference; explicitFileType = wrapper.application; includeInIndex = 0; path = PartyRockApp.app; sourceTree = BUILT_PRODUCTS_DIR; };
		B21586FD1E9B554D00AB3DFF /* AppDelegate.swift */ = {isa = PBXFileReference; lastKnownFileType = sourcecode.swift; path = AppDelegate.swift; sourceTree = "<group>"; };
		B21586FF1E9B554D00AB3DFF /* MainVC.swift */ = {isa = PBXFileReference; lastKnownFileType = sourcecode.swift; path = MainVC.swift; sourceTree = "<group>"; };
		B21587021E9B554D00AB3DFF /* Base */ = {isa = PBXFileReference; lastKnownFileType = file.storyboard; name = Base; path = Base.lproj/Main.storyboard; sourceTree = "<group>"; };
		B21587041E9B554D00AB3DFF /* Assets.xcassets */ = {isa = PBXFileReference; lastKnownFileType = folder.assetcatalog; path = Assets.xcassets; sourceTree = "<group>"; };
		B21587071E9B554D00AB3DFF /* Base */ = {isa = PBXFileReference; lastKnownFileType = file.storyboard; name = Base; path = Base.lproj/LaunchScreen.storyboard; sourceTree = "<group>"; };
		B21587091E9B554D00AB3DFF /* Info.plist */ = {isa = PBXFileReference; lastKnownFileType = text.plist.xml; path = Info.plist; sourceTree = "<group>"; };
		B215870E1E9B554D00AB3DFF /* PartyRockAppTests.xctest */ = {isa = PBXFileReference; explicitFileType = wrapper.cfbundle; includeInIndex = 0; path = PartyRockAppTests.xctest; sourceTree = BUILT_PRODUCTS_DIR; };
		B21587121E9B554D00AB3DFF /* PartyRockAppTests.swift */ = {isa = PBXFileReference; lastKnownFileType = sourcecode.swift; path = PartyRockAppTests.swift; sourceTree = "<group>"; };
		B21587141E9B554D00AB3DFF /* Info.plist */ = {isa = PBXFileReference; lastKnownFileType = text.plist.xml; path = Info.plist; sourceTree = "<group>"; };
		B21587191E9B554D00AB3DFF /* PartyRockAppUITests.xctest */ = {isa = PBXFileReference; explicitFileType = wrapper.cfbundle; includeInIndex = 0; path = PartyRockAppUITests.xctest; sourceTree = BUILT_PRODUCTS_DIR; };
		B215871D1E9B554D00AB3DFF /* PartyRockAppUITests.swift */ = {isa = PBXFileReference; lastKnownFileType = sourcecode.swift; path = PartyRockAppUITests.swift; sourceTree = "<group>"; };
		B215871F1E9B554D00AB3DFF /* Info.plist */ = {isa = PBXFileReference; lastKnownFileType = text.plist.xml; path = Info.plist; sourceTree = "<group>"; };
		B215872E1E9B598C00AB3DFF /* still time.ttf */ = {isa = PBXFileReference; lastKnownFileType = file; path = "still time.ttf"; sourceTree = "<group>"; };
		B21587301E9B5A6F00AB3DFF /* VideoVC.swift */ = {isa = PBXFileReference; fileEncoding = 4; lastKnownFileType = sourcecode.swift; path = VideoVC.swift; sourceTree = "<group>"; };
		B21587321E9B5B5D00AB3DFF /* PartyCell.swift */ = {isa = PBXFileReference; fileEncoding = 4; lastKnownFileType = sourcecode.swift; path = PartyCell.swift; sourceTree = "<group>"; };
		B21587341E9B5D2200AB3DFF /* PartyRock.swift */ = {isa = PBXFileReference; fileEncoding = 4; lastKnownFileType = sourcecode.swift; path = PartyRock.swift; sourceTree = "<group>"; };
/* End PBXFileReference section */

/* Begin PBXFrameworksBuildPhase section */
		B21586F71E9B554D00AB3DFF /* Frameworks */ = {
			isa = PBXFrameworksBuildPhase;
			buildActionMask = 2147483647;
			files = (
			);
			runOnlyForDeploymentPostprocessing = 0;
		};
		B215870B1E9B554D00AB3DFF /* Frameworks */ = {
			isa = PBXFrameworksBuildPhase;
			buildActionMask = 2147483647;
			files = (
			);
			runOnlyForDeploymentPostprocessing = 0;
		};
		B21587161E9B554D00AB3DFF /* Frameworks */ = {
			isa = PBXFrameworksBuildPhase;
			buildActionMask = 2147483647;
			files = (
			);
			runOnlyForDeploymentPostprocessing = 0;
		};
/* End PBXFrameworksBuildPhase section */

/* Begin PBXGroup section */
		B21586F11E9B554D00AB3DFF = {
			isa = PBXGroup;
			children = (
				B21586FC1E9B554D00AB3DFF /* PartyRockApp */,
				B21587111E9B554D00AB3DFF /* PartyRockAppTests */,
				B215871C1E9B554D00AB3DFF /* PartyRockAppUITests */,
				B21586FB1E9B554D00AB3DFF /* Products */,
			);
			sourceTree = "<group>";
		};
		B21586FB1E9B554D00AB3DFF /* Products */ = {
			isa = PBXGroup;
			children = (
				B21586FA1E9B554D00AB3DFF /* PartyRockApp.app */,
				B215870E1E9B554D00AB3DFF /* PartyRockAppTests.xctest */,
				B21587191E9B554D00AB3DFF /* PartyRockAppUITests.xctest */,
			);
			name = Products;
			sourceTree = "<group>";
		};
		B21586FC1E9B554D00AB3DFF /* PartyRockApp */ = {
			isa = PBXGroup;
			children = (
				B215872D1E9B55CF00AB3DFF /* Model */,
				B215872C1E9B55C900AB3DFF /* View */,
				B215872B1E9B55A300AB3DFF /* Controller */,
				B21586FD1E9B554D00AB3DFF /* AppDelegate.swift */,
				B21587011E9B554D00AB3DFF /* Main.storyboard */,
				B21587061E9B554D00AB3DFF /* LaunchScreen.storyboard */,
				B21587041E9B554D00AB3DFF /* Assets.xcassets */,
				B215872E1E9B598C00AB3DFF /* still time.ttf */,
				B21587091E9B554D00AB3DFF /* Info.plist */,
			);
			path = PartyRockApp;
			sourceTree = "<group>";
		};
		B21587111E9B554D00AB3DFF /* PartyRockAppTests */ = {
			isa = PBXGroup;
			children = (
				B21587121E9B554D00AB3DFF /* PartyRockAppTests.swift */,
				B21587141E9B554D00AB3DFF /* Info.plist */,
			);
			path = PartyRockAppTests;
			sourceTree = "<group>";
		};
		B215871C1E9B554D00AB3DFF /* PartyRockAppUITests */ = {
			isa = PBXGroup;
			children = (
				B215871D1E9B554D00AB3DFF /* PartyRockAppUITests.swift */,
				B215871F1E9B554D00AB3DFF /* Info.plist */,
			);
			path = PartyRockAppUITests;
			sourceTree = "<group>";
		};
		B215872B1E9B55A300AB3DFF /* Controller */ = {
			isa = PBXGroup;
			children = (
				B21586FF1E9B554D00AB3DFF /* MainVC.swift */,
				B21587301E9B5A6F00AB3DFF /* VideoVC.swift */,
			);
			name = Controller;
			sourceTree = "<group>";
		};
		B215872C1E9B55C900AB3DFF /* View */ = {
			isa = PBXGroup;
			children = (
				B21587321E9B5B5D00AB3DFF /* PartyCell.swift */,
			);
			name = View;
			sourceTree = "<group>";
		};
		B215872D1E9B55CF00AB3DFF /* Model */ = {
			isa = PBXGroup;
			children = (
				B21587341E9B5D2200AB3DFF /* PartyRock.swift */,
			);
			name = Model;
			sourceTree = "<group>";
		};
/* End PBXGroup section */

/* Begin PBXNativeTarget section */
		B21586F91E9B554D00AB3DFF /* PartyRockApp */ = {
			isa = PBXNativeTarget;
			buildConfigurationList = B21587221E9B554D00AB3DFF /* Build configuration list for PBXNativeTarget "PartyRockApp" */;
			buildPhases = (
				B21586F61E9B554D00AB3DFF /* Sources */,
				B21586F71E9B554D00AB3DFF /* Frameworks */,
				B21586F81E9B554D00AB3DFF /* Resources */,
			);
			buildRules = (
			);
			dependencies = (
			);
			name = PartyRockApp;
			productName = PartyRockApp;
			productReference = B21586FA1E9B554D00AB3DFF /* PartyRockApp.app */;
			productType = "com.apple.product-type.application";
		};
		B215870D1E9B554D00AB3DFF /* PartyRockAppTests */ = {
			isa = PBXNativeTarget;
			buildConfigurationList = B21587251E9B554D00AB3DFF /* Build configuration list for PBXNativeTarget "PartyRockAppTests" */;
			buildPhases = (
				B215870A1E9B554D00AB3DFF /* Sources */,
				B215870B1E9B554D00AB3DFF /* Frameworks */,
				B215870C1E9B554D00AB3DFF /* Resources */,
			);
			buildRules = (
			);
			dependencies = (
				B21587101E9B554D00AB3DFF /* PBXTargetDependency */,
			);
			name = PartyRockAppTests;
			productName = PartyRockAppTests;
			productReference = B215870E1E9B554D00AB3DFF /* PartyRockAppTests.xctest */;
			productType = "com.apple.product-type.bundle.unit-test";
		};
		B21587181E9B554D00AB3DFF /* PartyRockAppUITests */ = {
			isa = PBXNativeTarget;
			buildConfigurationList = B21587281E9B554D00AB3DFF /* Build configuration list for PBXNativeTarget "PartyRockAppUITests" */;
			buildPhases = (
				B21587151E9B554D00AB3DFF /* Sources */,
				B21587161E9B554D00AB3DFF /* Frameworks */,
				B21587171E9B554D00AB3DFF /* Resources */,
			);
			buildRules = (
			);
			dependencies = (
				B215871B1E9B554D00AB3DFF /* PBXTargetDependency */,
			);
			name = PartyRockAppUITests;
			productName = PartyRockAppUITests;
			productReference = B21587191E9B554D00AB3DFF /* PartyRockAppUITests.xctest */;
			productType = "com.apple.product-type.bundle.ui-testing";
		};
/* End PBXNativeTarget section */

/* Begin PBXProject section */
		B21586F21E9B554D00AB3DFF /* Project object */ = {
			isa = PBXProject;
			attributes = {
				LastSwiftUpdateCheck = 0830;
				LastUpgradeCheck = 0830;
				ORGANIZATIONNAME = ArthurZhang;
				TargetAttributes = {
					B21586F91E9B554D00AB3DFF = {
						CreatedOnToolsVersion = 8.3;
						DevelopmentTeam = J9G5UX4JHG;
						ProvisioningStyle = Automatic;
					};
					B215870D1E9B554D00AB3DFF = {
						CreatedOnToolsVersion = 8.3;
						DevelopmentTeam = J9G5UX4JHG;
						ProvisioningStyle = Automatic;
						TestTargetID = B21586F91E9B554D00AB3DFF;
					};
					B21587181E9B554D00AB3DFF = {
						CreatedOnToolsVersion = 8.3;
						DevelopmentTeam = J9G5UX4JHG;
						ProvisioningStyle = Automatic;
						TestTargetID = B21586F91E9B554D00AB3DFF;
					};
				};
			};
			buildConfigurationList = B21586F51E9B554D00AB3DFF /* Build configuration list for PBXProject "PartyRockApp" */;
			compatibilityVersion = "Xcode 3.2";
			developmentRegion = English;
			hasScannedForEncodings = 0;
			knownRegions = (
				en,
				Base,
			);
			mainGroup = B21586F11E9B554D00AB3DFF;
			productRefGroup = B21586FB1E9B554D00AB3DFF /* Products */;
			projectDirPath = "";
			projectRoot = "";
			targets = (
				B21586F91E9B554D00AB3DFF /* PartyRockApp */,
				B215870D1E9B554D00AB3DFF /* PartyRockAppTests */,
				B21587181E9B554D00AB3DFF /* PartyRockAppUITests */,
			);
		};
/* End PBXProject section */

/* Begin PBXResourcesBuildPhase section */
		B21586F81E9B554D00AB3DFF /* Resources */ = {
			isa = PBXResourcesBuildPhase;
			buildActionMask = 2147483647;
			files = (
				B21587081E9B554D00AB3DFF /* LaunchScreen.storyboard in Resources */,
				B215872F1E9B598C00AB3DFF /* still time.ttf in Resources */,
				B21587051E9B554D00AB3DFF /* Assets.xcassets in Resources */,
				B21587031E9B554D00AB3DFF /* Main.storyboard in Resources */,
			);
			runOnlyForDeploymentPostprocessing = 0;
		};
		B215870C1E9B554D00AB3DFF /* Resources */ = {
			isa = PBXResourcesBuildPhase;
			buildActionMask = 2147483647;
			files = (
			);
			runOnlyForDeploymentPostprocessing = 0;
		};
		B21587171E9B554D00AB3DFF /* Resources */ = {
			isa = PBXResourcesBuildPhase;
			buildActionMask = 2147483647;
			files = (
			);
			runOnlyForDeploymentPostprocessing = 0;
		};
/* End PBXResourcesBuildPhase section */

/* Begin PBXSourcesBuildPhase section */
		B21586F61E9B554D00AB3DFF /* Sources */ = {
			isa = PBXSourcesBuildPhase;
			buildActionMask = 2147483647;
			files = (
				B21587311E9B5A6F00AB3DFF /* VideoVC.swift in Sources */,
				B21587001E9B554D00AB3DFF /* MainVC.swift in Sources */,
				B21587351E9B5D2200AB3DFF /* PartyRock.swift in Sources */,
				B21587331E9B5B5D00AB3DFF /* PartyCell.swift in Sources */,
				B21586FE1E9B554D00AB3DFF /* AppDelegate.swift in Sources */,
			);
			runOnlyForDeploymentPostprocessing = 0;
		};
		B215870A1E9B554D00AB3DFF /* Sources */ = {
			isa = PBXSourcesBuildPhase;
			buildActionMask = 2147483647;
			files = (
				B21587131E9B554D00AB3DFF /* PartyRockAppTests.swift in Sources */,
			);
			runOnlyForDeploymentPostprocessing = 0;
		};
		B21587151E9B554D00AB3DFF /* Sources */ = {
			isa = PBXSourcesBuildPhase;
			buildActionMask = 2147483647;
			files = (
				B215871E1E9B554D00AB3DFF /* PartyRockAppUITests.swift in Sources */,
			);
			runOnlyForDeploymentPostprocessing = 0;
		};
/* End PBXSourcesBuildPhase section */

/* Begin PBXTargetDependency section */
		B21587101E9B554D00AB3DFF /* PBXTargetDependency */ = {
			isa = PBXTargetDependency;
			target = B21586F91E9B554D00AB3DFF /* PartyRockApp */;
			targetProxy = B215870F1E9B554D00AB3DFF /* PBXContainerItemProxy */;
		};
		B215871B1E9B554D00AB3DFF /* PBXTargetDependency */ = {
			isa = PBXTargetDependency;
			target = B21586F91E9B554D00AB3DFF /* PartyRockApp */;
			targetProxy = B215871A1E9B554D00AB3DFF /* PBXContainerItemProxy */;
		};
/* End PBXTargetDependency section */

/* Begin PBXVariantGroup section */
		B21587011E9B554D00AB3DFF /* Main.storyboard */ = {
			isa = PBXVariantGroup;
			children = (
				B21587021E9B554D00AB3DFF /* Base */,
			);
			name = Main.storyboard;
			sourceTree = "<group>";
		};
		B21587061E9B554D00AB3DFF /* LaunchScreen.storyboard */ = {
			isa = PBXVariantGroup;
			children = (
				B21587071E9B554D00AB3DFF /* Base */,
			);
			name = LaunchScreen.storyboard;
			sourceTree = "<group>";
		};
/* End PBXVariantGroup section */

/* Begin XCBuildConfiguration section */
		B21587201E9B554D00AB3DFF /* Debug */ = {
			isa = XCBuildConfiguration;
			buildSettings = {
				ALWAYS_SEARCH_USER_PATHS = NO;
				CLANG_ANALYZER_NONNULL = YES;
				CLANG_ANALYZER_NUMBER_OBJECT_CONVERSION = YES_AGGRESSIVE;
				CLANG_CXX_LANGUAGE_STANDARD = "gnu++0x";
				CLANG_CXX_LIBRARY = "libc++";
				CLANG_ENABLE_MODULES = YES;
				CLANG_ENABLE_OBJC_ARC = YES;
				CLANG_WARN_BOOL_CONVERSION = YES;
				CLANG_WARN_CONSTANT_CONVERSION = YES;
				CLANG_WARN_DIRECT_OBJC_ISA_USAGE = YES_ERROR;
				CLANG_WARN_DOCUMENTATION_COMMENTS = YES;
				CLANG_WARN_EMPTY_BODY = YES;
				CLANG_WARN_ENUM_CONVERSION = YES;
				CLANG_WARN_INFINITE_RECURSION = YES;
				CLANG_WARN_INT_CONVERSION = YES;
				CLANG_WARN_OBJC_ROOT_CLASS = YES_ERROR;
				CLANG_WARN_SUSPICIOUS_MOVE = YES;
				CLANG_WARN_UNREACHABLE_CODE = YES;
				CLANG_WARN__DUPLICATE_METHOD_MATCH = YES;
				"CODE_SIGN_IDENTITY[sdk=iphoneos*]" = "iPhone Developer";
				COPY_PHASE_STRIP = NO;
				DEBUG_INFORMATION_FORMAT = dwarf;
				ENABLE_STRICT_OBJC_MSGSEND = YES;
				ENABLE_TESTABILITY = YES;
				GCC_C_LANGUAGE_STANDARD = gnu99;
				GCC_DYNAMIC_NO_PIC = NO;
				GCC_NO_COMMON_BLOCKS = YES;
				GCC_OPTIMIZATION_LEVEL = 0;
				GCC_PREPROCESSOR_DEFINITIONS = (
					"DEBUG=1",
					"$(inherited)",
				);
				GCC_WARN_64_TO_32_BIT_CONVERSION = YES;
				GCC_WARN_ABOUT_RETURN_TYPE = YES_ERROR;
				GCC_WARN_UNDECLARED_SELECTOR = YES;
				GCC_WARN_UNINITIALIZED_AUTOS = YES_AGGRESSIVE;
				GCC_WARN_UNUSED_FUNCTION = YES;
				GCC_WARN_UNUSED_VARIABLE = YES;
				IPHONEOS_DEPLOYMENT_TARGET = 10.3;
				MTL_ENABLE_DEBUG_INFO = YES;
				ONLY_ACTIVE_ARCH = YES;
				SDKROOT = iphoneos;
				SWIFT_ACTIVE_COMPILATION_CONDITIONS = DEBUG;
				SWIFT_OPTIMIZATION_LEVEL = "-Onone";
				TARGETED_DEVICE_FAMILY = "1,2";
			};
			name = Debug;
		};
		B21587211E9B554D00AB3DFF /* Release */ = {
			isa = XCBuildConfiguration;
			buildSettings = {
				ALWAYS_SEARCH_USER_PATHS = NO;
				CLANG_ANALYZER_NONNULL = YES;
				CLANG_ANALYZER_NUMBER_OBJECT_CONVERSION = YES_AGGRESSIVE;
				CLANG_CXX_LANGUAGE_STANDARD = "gnu++0x";
				CLANG_CXX_LIBRARY = "libc++";
				CLANG_ENABLE_MODULES = YES;
				CLANG_ENABLE_OBJC_ARC = YES;
				CLANG_WARN_BOOL_CONVERSION = YES;
				CLANG_WARN_CONSTANT_CONVERSION = YES;
				CLANG_WARN_DIRECT_OBJC_ISA_USAGE = YES_ERROR;
				CLANG_WARN_DOCUMENTATION_COMMENTS = YES;
				CLANG_WARN_EMPTY_BODY = YES;
				CLANG_WARN_ENUM_CONVERSION = YES;
				CLANG_WARN_INFINITE_RECURSION = YES;
				CLANG_WARN_INT_CONVERSION = YES;
				CLANG_WARN_OBJC_ROOT_CLASS = YES_ERROR;
				CLANG_WARN_SUSPICIOUS_MOVE = YES;
				CLANG_WARN_UNREACHABLE_CODE = YES;
				CLANG_WARN__DUPLICATE_METHOD_MATCH = YES;
				"CODE_SIGN_IDENTITY[sdk=iphoneos*]" = "iPhone Developer";
				COPY_PHASE_STRIP = NO;
				DEBUG_INFORMATION_FORMAT = "dwarf-with-dsym";
				ENABLE_NS_ASSERTIONS = NO;
				ENABLE_STRICT_OBJC_MSGSEND = YES;
				GCC_C_LANGUAGE_STANDARD = gnu99;
				GCC_NO_COMMON_BLOCKS = YES;
				GCC_WARN_64_TO_32_BIT_CONVERSION = YES;
				GCC_WARN_ABOUT_RETURN_TYPE = YES_ERROR;
				GCC_WARN_UNDECLARED_SELECTOR = YES;
				GCC_WARN_UNINITIALIZED_AUTOS = YES_AGGRESSIVE;
				GCC_WARN_UNUSED_FUNCTION = YES;
				GCC_WARN_UNUSED_VARIABLE = YES;
				IPHONEOS_DEPLOYMENT_TARGET = 10.3;
				MTL_ENABLE_DEBUG_INFO = NO;
				SDKROOT = iphoneos;
				SWIFT_OPTIMIZATION_LEVEL = "-Owholemodule";
				TARGETED_DEVICE_FAMILY = "1,2";
				VALIDATE_PRODUCT = YES;
			};
			name = Release;
		};
		B21587231E9B554D00AB3DFF /* Debug */ = {
			isa = XCBuildConfiguration;
			buildSettings = {
				ASSETCATALOG_COMPILER_APPICON_NAME = AppIcon;
				DEVELOPMENT_TEAM = J9G5UX4JHG;
				INFOPLIST_FILE = PartyRockApp/Info.plist;
				LD_RUNPATH_SEARCH_PATHS = "$(inherited) @executable_path/Frameworks";
				PRODUCT_BUNDLE_IDENTIFIER = com.ArthurZhang.PartyRockApp;
				PRODUCT_NAME = "$(TARGET_NAME)";
				SWIFT_VERSION = 3.0;
			};
			name = Debug;
		};
		B21587241E9B554D00AB3DFF /* Release */ = {
			isa = XCBuildConfiguration;
			buildSettings = {
				ASSETCATALOG_COMPILER_APPICON_NAME = AppIcon;
				DEVELOPMENT_TEAM = J9G5UX4JHG;
				INFOPLIST_FILE = PartyRockApp/Info.plist;
				LD_RUNPATH_SEARCH_PATHS = "$(inherited) @executable_path/Frameworks";
				PRODUCT_BUNDLE_IDENTIFIER = com.ArthurZhang.PartyRockApp;
				PRODUCT_NAME = "$(TARGET_NAME)";
				SWIFT_VERSION = 3.0;
			};
			name = Release;
		};
		B21587261E9B554D00AB3DFF /* Debug */ = {
			isa = XCBuildConfiguration;
			buildSettings = {
				ALWAYS_EMBED_SWIFT_STANDARD_LIBRARIES = YES;
				BUNDLE_LOADER = "$(TEST_HOST)";
				DEVELOPMENT_TEAM = J9G5UX4JHG;
				INFOPLIST_FILE = PartyRockAppTests/Info.plist;
				LD_RUNPATH_SEARCH_PATHS = "$(inherited) @executable_path/Frameworks @loader_path/Frameworks";
				PRODUCT_BUNDLE_IDENTIFIER = com.ArthurZhang.PartyRockAppTests;
				PRODUCT_NAME = "$(TARGET_NAME)";
				SWIFT_VERSION = 3.0;
				TEST_HOST = "$(BUILT_PRODUCTS_DIR)/PartyRockApp.app/PartyRockApp";
			};
			name = Debug;
		};
		B21587271E9B554D00AB3DFF /* Release */ = {
			isa = XCBuildConfiguration;
			buildSettings = {
				ALWAYS_EMBED_SWIFT_STANDARD_LIBRARIES = YES;
				BUNDLE_LOADER = "$(TEST_HOST)";
				DEVELOPMENT_TEAM = J9G5UX4JHG;
				INFOPLIST_FILE = PartyRockAppTests/Info.plist;
				LD_RUNPATH_SEARCH_PATHS = "$(inherited) @executable_path/Frameworks @loader_path/Frameworks";
				PRODUCT_BUNDLE_IDENTIFIER = com.ArthurZhang.PartyRockAppTests;
				PRODUCT_NAME = "$(TARGET_NAME)";
				SWIFT_VERSION = 3.0;
				TEST_HOST = "$(BUILT_PRODUCTS_DIR)/PartyRockApp.app/PartyRockApp";
			};
			name = Release;
		};
		B21587291E9B554D00AB3DFF /* Debug */ = {
			isa = XCBuildConfiguration;
			buildSettings = {
				ALWAYS_EMBED_SWIFT_STANDARD_LIBRARIES = YES;
				DEVELOPMENT_TEAM = J9G5UX4JHG;
				INFOPLIST_FILE = PartyRockAppUITests/Info.plist;
				LD_RUNPATH_SEARCH_PATHS = "$(inherited) @executable_path/Frameworks @loader_path/Frameworks";
				PRODUCT_BUNDLE_IDENTIFIER = com.ArthurZhang.PartyRockAppUITests;
				PRODUCT_NAME = "$(TARGET_NAME)";
				SWIFT_VERSION = 3.0;
				TEST_TARGET_NAME = PartyRockApp;
			};
			name = Debug;
		};
		B215872A1E9B554D00AB3DFF /* Release */ = {
			isa = XCBuildConfiguration;
			buildSettings = {
				ALWAYS_EMBED_SWIFT_STANDARD_LIBRARIES = YES;
				DEVELOPMENT_TEAM = J9G5UX4JHG;
				INFOPLIST_FILE = PartyRockAppUITests/Info.plist;
				LD_RUNPATH_SEARCH_PATHS = "$(inherited) @executable_path/Frameworks @loader_path/Frameworks";
				PRODUCT_BUNDLE_IDENTIFIER = com.ArthurZhang.PartyRockAppUITests;
				PRODUCT_NAME = "$(TARGET_NAME)";
				SWIFT_VERSION = 3.0;
				TEST_TARGET_NAME = PartyRockApp;
			};
			name = Release;
		};
/* End XCBuildConfiguration section */

/* Begin XCConfigurationList section */
		B21586F51E9B554D00AB3DFF /* Build configuration list for PBXProject "PartyRockApp" */ = {
			isa = XCConfigurationList;
			buildConfigurations = (
				B21587201E9B554D00AB3DFF /* Debug */,
				B21587211E9B554D00AB3DFF /* Release */,
			);
			defaultConfigurationIsVisible = 0;
			defaultConfigurationName = Release;
		};
		B21587221E9B554D00AB3DFF /* Build configuration list for PBXNativeTarget "PartyRockApp" */ = {
			isa = XCConfigurationList;
			buildConfigurations = (
				B21587231E9B554D00AB3DFF /* Debug */,
				B21587241E9B554D00AB3DFF /* Release */,
			);
			defaultConfigurationIsVisible = 0;
		};
		B21587251E9B554D00AB3DFF /* Build configuration list for PBXNativeTarget "PartyRockAppTests" */ = {
			isa = XCConfigurationList;
			buildConfigurations = (
				B21587261E9B554D00AB3DFF /* Debug */,
				B21587271E9B554D00AB3DFF /* Release */,
			);
			defaultConfigurationIsVisible = 0;
		};
		B21587281E9B554D00AB3DFF /* Build configuration list for PBXNativeTarget "PartyRockAppUITests" */ = {
			isa = XCConfigurationList;
			buildConfigurations = (
				B21587291E9B554D00AB3DFF /* Debug */,
				B215872A1E9B554D00AB3DFF /* Release */,
			);
			defaultConfigurationIsVisible = 0;
		};
/* End XCConfigurationList section */
	};
	rootObject = B21586F21E9B554D00AB3DFF /* Project object */;
}
